// !$*UTF8*$!
{
	archiveVersion = 1;
	classes = {
	};
	objectVersion = 56;
	objects = {

/* Begin PBXBuildFile section */
		106CF5CF2B86D08B00AACCBA /* QrSnaprApp.swift in Sources */ = {isa = PBXBuildFile; fileRef = 106CF5CE2B86D08B00AACCBA /* QrSnaprApp.swift */; };
		106CF5D32B86D08D00AACCBA /* Assets.xcassets in Resources */ = {isa = PBXBuildFile; fileRef = 106CF5D22B86D08D00AACCBA /* Assets.xcassets */; };
		106CF5D62B86D08D00AACCBA /* Preview Assets.xcassets in Resources */ = {isa = PBXBuildFile; fileRef = 106CF5D52B86D08D00AACCBA /* Preview Assets.xcassets */; };
		106CF5E12B86D08D00AACCBA /* QrSnaprTests.swift in Sources */ = {isa = PBXBuildFile; fileRef = 106CF5E02B86D08D00AACCBA /* QrSnaprTests.swift */; };
		106CF5EB2B86D08D00AACCBA /* QrSnaprUITests.swift in Sources */ = {isa = PBXBuildFile; fileRef = 106CF5EA2B86D08D00AACCBA /* QrSnaprUITests.swift */; };
		106CF5ED2B86D08D00AACCBA /* QrSnaprUITestsLaunchTests.swift in Sources */ = {isa = PBXBuildFile; fileRef = 106CF5EC2B86D08D00AACCBA /* QrSnaprUITestsLaunchTests.swift */; };
		10BC273A2BBFA229003E9EA6 /* Constants.swift in Sources */ = {isa = PBXBuildFile; fileRef = 10BC27392BBFA229003E9EA6 /* Constants.swift */; };
		10BC273C2BBFA241003E9EA6 /* SettingScreen.swift in Sources */ = {isa = PBXBuildFile; fileRef = 10BC273B2BBFA241003E9EA6 /* SettingScreen.swift */; };
		10BC273E2BBFA25A003E9EA6 /* KeyboardShortcuts in Frameworks */ = {isa = PBXBuildFile; productRef = 10BC273D2BBFA25A003E9EA6 /* KeyboardShortcuts */; };
/* End PBXBuildFile section */

/* Begin PBXContainerItemProxy section */
		106CF5DD2B86D08D00AACCBA /* PBXContainerItemProxy */ = {
			isa = PBXContainerItemProxy;
			containerPortal = 106CF5C32B86D08B00AACCBA /* Project object */;
			proxyType = 1;
			remoteGlobalIDString = 106CF5CA2B86D08B00AACCBA;
			remoteInfo = QrSnapr;
		};
		106CF5E72B86D08D00AACCBA /* PBXContainerItemProxy */ = {
			isa = PBXContainerItemProxy;
			containerPortal = 106CF5C32B86D08B00AACCBA /* Project object */;
			proxyType = 1;
			remoteGlobalIDString = 106CF5CA2B86D08B00AACCBA;
			remoteInfo = QrSnapr;
		};
/* End PBXContainerItemProxy section */

/* Begin PBXFileReference section */
		106CF5CB2B86D08B00AACCBA /* QrSnapr.app */ = {isa = PBXFileReference; explicitFileType = wrapper.application; includeInIndex = 0; path = QrSnapr.app; sourceTree = BUILT_PRODUCTS_DIR; };
		106CF5CE2B86D08B00AACCBA /* QrSnaprApp.swift */ = {isa = PBXFileReference; lastKnownFileType = sourcecode.swift; path = QrSnaprApp.swift; sourceTree = "<group>"; };
		106CF5D22B86D08D00AACCBA /* Assets.xcassets */ = {isa = PBXFileReference; lastKnownFileType = folder.assetcatalog; path = Assets.xcassets; sourceTree = "<group>"; };
		106CF5D52B86D08D00AACCBA /* Preview Assets.xcassets */ = {isa = PBXFileReference; lastKnownFileType = folder.assetcatalog; path = "Preview Assets.xcassets"; sourceTree = "<group>"; };
		106CF5D72B86D08D00AACCBA /* QrSnapr.entitlements */ = {isa = PBXFileReference; lastKnownFileType = text.plist.entitlements; path = QrSnapr.entitlements; sourceTree = "<group>"; };
		106CF5DC2B86D08D00AACCBA /* QrSnaprTests.xctest */ = {isa = PBXFileReference; explicitFileType = wrapper.cfbundle; includeInIndex = 0; path = QrSnaprTests.xctest; sourceTree = BUILT_PRODUCTS_DIR; };
		106CF5E02B86D08D00AACCBA /* QrSnaprTests.swift */ = {isa = PBXFileReference; lastKnownFileType = sourcecode.swift; path = QrSnaprTests.swift; sourceTree = "<group>"; };
		106CF5E62B86D08D00AACCBA /* QrSnaprUITests.xctest */ = {isa = PBXFileReference; explicitFileType = wrapper.cfbundle; includeInIndex = 0; path = QrSnaprUITests.xctest; sourceTree = BUILT_PRODUCTS_DIR; };
		106CF5EA2B86D08D00AACCBA /* QrSnaprUITests.swift */ = {isa = PBXFileReference; lastKnownFileType = sourcecode.swift; path = QrSnaprUITests.swift; sourceTree = "<group>"; };
		106CF5EC2B86D08D00AACCBA /* QrSnaprUITestsLaunchTests.swift */ = {isa = PBXFileReference; lastKnownFileType = sourcecode.swift; path = QrSnaprUITestsLaunchTests.swift; sourceTree = "<group>"; };
		10BC27392BBFA229003E9EA6 /* Constants.swift */ = {isa = PBXFileReference; lastKnownFileType = sourcecode.swift; path = Constants.swift; sourceTree = "<group>"; };
		10BC273B2BBFA241003E9EA6 /* SettingScreen.swift */ = {isa = PBXFileReference; lastKnownFileType = sourcecode.swift; path = SettingScreen.swift; sourceTree = "<group>"; };
/* End PBXFileReference section */

/* Begin PBXFrameworksBuildPhase section */
		106CF5C82B86D08B00AACCBA /* Frameworks */ = {
			isa = PBXFrameworksBuildPhase;
			buildActionMask = 2147483647;
			files = (
				10BC273E2BBFA25A003E9EA6 /* KeyboardShortcuts in Frameworks */,
			);
			runOnlyForDeploymentPostprocessing = 0;
		};
		106CF5D92B86D08D00AACCBA /* Frameworks */ = {
			isa = PBXFrameworksBuildPhase;
			buildActionMask = 2147483647;
			files = (
			);
			runOnlyForDeploymentPostprocessing = 0;
		};
		106CF5E32B86D08D00AACCBA /* Frameworks */ = {
			isa = PBXFrameworksBuildPhase;
			buildActionMask = 2147483647;
			files = (
			);
			runOnlyForDeploymentPostprocessing = 0;
		};
/* End PBXFrameworksBuildPhase section */

/* Begin PBXGroup section */
		106CF5C22B86D08B00AACCBA = {
			isa = PBXGroup;
			children = (
				106CF5CD2B86D08B00AACCBA /* QrSnapr */,
				106CF5DF2B86D08D00AACCBA /* QrSnaprTests */,
				106CF5E92B86D08D00AACCBA /* QrSnaprUITests */,
				106CF5CC2B86D08B00AACCBA /* Products */,
			);
			sourceTree = "<group>";
		};
		106CF5CC2B86D08B00AACCBA /* Products */ = {
			isa = PBXGroup;
			children = (
				106CF5CB2B86D08B00AACCBA /* QrSnapr.app */,
				106CF5DC2B86D08D00AACCBA /* QrSnaprTests.xctest */,
				106CF5E62B86D08D00AACCBA /* QrSnaprUITests.xctest */,
			);
			name = Products;
			sourceTree = "<group>";
		};
		106CF5CD2B86D08B00AACCBA /* QrSnapr */ = {
			isa = PBXGroup;
			children = (
				106CF5CE2B86D08B00AACCBA /* QrSnaprApp.swift */,
				106CF5D22B86D08D00AACCBA /* Assets.xcassets */,
				106CF5D72B86D08D00AACCBA /* QrSnapr.entitlements */,
				106CF5D42B86D08D00AACCBA /* Preview Content */,
				10BC27392BBFA229003E9EA6 /* Constants.swift */,
				10BC273B2BBFA241003E9EA6 /* SettingScreen.swift */,
			);
			path = QrSnapr;
			sourceTree = "<group>";
		};
		106CF5D42B86D08D00AACCBA /* Preview Content */ = {
			isa = PBXGroup;
			children = (
				106CF5D52B86D08D00AACCBA /* Preview Assets.xcassets */,
			);
			path = "Preview Content";
			sourceTree = "<group>";
		};
		106CF5DF2B86D08D00AACCBA /* QrSnaprTests */ = {
			isa = PBXGroup;
			children = (
				106CF5E02B86D08D00AACCBA /* QrSnaprTests.swift */,
			);
			path = QrSnaprTests;
			sourceTree = "<group>";
		};
		106CF5E92B86D08D00AACCBA /* QrSnaprUITests */ = {
			isa = PBXGroup;
			children = (
				106CF5EA2B86D08D00AACCBA /* QrSnaprUITests.swift */,
				106CF5EC2B86D08D00AACCBA /* QrSnaprUITestsLaunchTests.swift */,
			);
			path = QrSnaprUITests;
			sourceTree = "<group>";
		};
/* End PBXGroup section */

/* Begin PBXNativeTarget section */
		106CF5CA2B86D08B00AACCBA /* QrSnapr */ = {
			isa = PBXNativeTarget;
			buildConfigurationList = 106CF5F02B86D08D00AACCBA /* Build configuration list for PBXNativeTarget "QrSnapr" */;
			buildPhases = (
				106CF5C72B86D08B00AACCBA /* Sources */,
				106CF5C82B86D08B00AACCBA /* Frameworks */,
				106CF5C92B86D08B00AACCBA /* Resources */,
			);
			buildRules = (
			);
			dependencies = (
			);
			name = QrSnapr;
			packageProductDependencies = (
				10BC273D2BBFA25A003E9EA6 /* KeyboardShortcuts */,
			);
			productName = QrSnapr;
			productReference = 106CF5CB2B86D08B00AACCBA /* QrSnapr.app */;
			productType = "com.apple.product-type.application";
		};
		106CF5DB2B86D08D00AACCBA /* QrSnaprTests */ = {
			isa = PBXNativeTarget;
			buildConfigurationList = 106CF5F32B86D08D00AACCBA /* Build configuration list for PBXNativeTarget "QrSnaprTests" */;
			buildPhases = (
				106CF5D82B86D08D00AACCBA /* Sources */,
				106CF5D92B86D08D00AACCBA /* Frameworks */,
				106CF5DA2B86D08D00AACCBA /* Resources */,
			);
			buildRules = (
			);
			dependencies = (
				106CF5DE2B86D08D00AACCBA /* PBXTargetDependency */,
			);
			name = QrSnaprTests;
			productName = QrSnaprTests;
			productReference = 106CF5DC2B86D08D00AACCBA /* QrSnaprTests.xctest */;
			productType = "com.apple.product-type.bundle.unit-test";
		};
		106CF5E52B86D08D00AACCBA /* QrSnaprUITests */ = {
			isa = PBXNativeTarget;
			buildConfigurationList = 106CF5F62B86D08D00AACCBA /* Build configuration list for PBXNativeTarget "QrSnaprUITests" */;
			buildPhases = (
				106CF5E22B86D08D00AACCBA /* Sources */,
				106CF5E32B86D08D00AACCBA /* Frameworks */,
				106CF5E42B86D08D00AACCBA /* Resources */,
			);
			buildRules = (
			);
			dependencies = (
				106CF5E82B86D08D00AACCBA /* PBXTargetDependency */,
			);
			name = QrSnaprUITests;
			productName = QrSnaprUITests;
			productReference = 106CF5E62B86D08D00AACCBA /* QrSnaprUITests.xctest */;
			productType = "com.apple.product-type.bundle.ui-testing";
		};
/* End PBXNativeTarget section */

/* Begin PBXProject section */
		106CF5C32B86D08B00AACCBA /* Project object */ = {
			isa = PBXProject;
			attributes = {
				BuildIndependentTargetsInParallel = 1;
				LastSwiftUpdateCheck = 1520;
				LastUpgradeCheck = 1530;
				TargetAttributes = {
					106CF5CA2B86D08B00AACCBA = {
						CreatedOnToolsVersion = 15.2;
					};
					106CF5DB2B86D08D00AACCBA = {
						CreatedOnToolsVersion = 15.2;
						TestTargetID = 106CF5CA2B86D08B00AACCBA;
					};
					106CF5E52B86D08D00AACCBA = {
						CreatedOnToolsVersion = 15.2;
						TestTargetID = 106CF5CA2B86D08B00AACCBA;
					};
				};
			};
			buildConfigurationList = 106CF5C62B86D08B00AACCBA /* Build configuration list for PBXProject "QrSnapr" */;
			compatibilityVersion = "Xcode 14.0";
			developmentRegion = en;
			hasScannedForEncodings = 0;
			knownRegions = (
				en,
				Base,
			);
			mainGroup = 106CF5C22B86D08B00AACCBA;
			packageReferences = (
				10BC27382BBFA20D003E9EA6 /* XCRemoteSwiftPackageReference "KeyboardShortcuts" */,
			);
			productRefGroup = 106CF5CC2B86D08B00AACCBA /* Products */;
			projectDirPath = "";
			projectRoot = "";
			targets = (
				106CF5CA2B86D08B00AACCBA /* QrSnapr */,
				106CF5DB2B86D08D00AACCBA /* QrSnaprTests */,
				106CF5E52B86D08D00AACCBA /* QrSnaprUITests */,
			);
		};
/* End PBXProject section */

/* Begin PBXResourcesBuildPhase section */
		106CF5C92B86D08B00AACCBA /* Resources */ = {
			isa = PBXResourcesBuildPhase;
			buildActionMask = 2147483647;
			files = (
				106CF5D62B86D08D00AACCBA /* Preview Assets.xcassets in Resources */,
				106CF5D32B86D08D00AACCBA /* Assets.xcassets in Resources */,
			);
			runOnlyForDeploymentPostprocessing = 0;
		};
		106CF5DA2B86D08D00AACCBA /* Resources */ = {
			isa = PBXResourcesBuildPhase;
			buildActionMask = 2147483647;
			files = (
			);
			runOnlyForDeploymentPostprocessing = 0;
		};
		106CF5E42B86D08D00AACCBA /* Resources */ = {
			isa = PBXResourcesBuildPhase;
			buildActionMask = 2147483647;
			files = (
			);
			runOnlyForDeploymentPostprocessing = 0;
		};
/* End PBXResourcesBuildPhase section */

/* Begin PBXSourcesBuildPhase section */
		106CF5C72B86D08B00AACCBA /* Sources */ = {
			isa = PBXSourcesBuildPhase;
			buildActionMask = 2147483647;
			files = (
				10BC273C2BBFA241003E9EA6 /* SettingScreen.swift in Sources */,
				106CF5CF2B86D08B00AACCBA /* QrSnaprApp.swift in Sources */,
				10BC273A2BBFA229003E9EA6 /* Constants.swift in Sources */,
			);
			runOnlyForDeploymentPostprocessing = 0;
		};
		106CF5D82B86D08D00AACCBA /* Sources */ = {
			isa = PBXSourcesBuildPhase;
			buildActionMask = 2147483647;
			files = (
				106CF5E12B86D08D00AACCBA /* QrSnaprTests.swift in Sources */,
			);
			runOnlyForDeploymentPostprocessing = 0;
		};
		106CF5E22B86D08D00AACCBA /* Sources */ = {
			isa = PBXSourcesBuildPhase;
			buildActionMask = 2147483647;
			files = (
				106CF5ED2B86D08D00AACCBA /* QrSnaprUITestsLaunchTests.swift in Sources */,
				106CF5EB2B86D08D00AACCBA /* QrSnaprUITests.swift in Sources */,
			);
			runOnlyForDeploymentPostprocessing = 0;
		};
/* End PBXSourcesBuildPhase section */

/* Begin PBXTargetDependency section */
		106CF5DE2B86D08D00AACCBA /* PBXTargetDependency */ = {
			isa = PBXTargetDependency;
			target = 106CF5CA2B86D08B00AACCBA /* QrSnapr */;
			targetProxy = 106CF5DD2B86D08D00AACCBA /* PBXContainerItemProxy */;
		};
		106CF5E82B86D08D00AACCBA /* PBXTargetDependency */ = {
			isa = PBXTargetDependency;
			target = 106CF5CA2B86D08B00AACCBA /* QrSnapr */;
			targetProxy = 106CF5E72B86D08D00AACCBA /* PBXContainerItemProxy */;
		};
/* End PBXTargetDependency section */

/* Begin XCBuildConfiguration section */
		106CF5EE2B86D08D00AACCBA /* Debug */ = {
			isa = XCBuildConfiguration;
			buildSettings = {
				ALWAYS_SEARCH_USER_PATHS = NO;
				ASSETCATALOG_COMPILER_GENERATE_SWIFT_ASSET_SYMBOL_EXTENSIONS = YES;
				CLANG_ANALYZER_NONNULL = YES;
				CLANG_ANALYZER_NUMBER_OBJECT_CONVERSION = YES_AGGRESSIVE;
				CLANG_CXX_LANGUAGE_STANDARD = "gnu++20";
				CLANG_ENABLE_MODULES = YES;
				CLANG_ENABLE_OBJC_ARC = YES;
				CLANG_ENABLE_OBJC_WEAK = YES;
				CLANG_WARN_BLOCK_CAPTURE_AUTORELEASING = YES;
				CLANG_WARN_BOOL_CONVERSION = YES;
				CLANG_WARN_COMMA = YES;
				CLANG_WARN_CONSTANT_CONVERSION = YES;
				CLANG_WARN_DEPRECATED_OBJC_IMPLEMENTATIONS = YES;
				CLANG_WARN_DIRECT_OBJC_ISA_USAGE = YES_ERROR;
				CLANG_WARN_DOCUMENTATION_COMMENTS = YES;
				CLANG_WARN_EMPTY_BODY = YES;
				CLANG_WARN_ENUM_CONVERSION = YES;
				CLANG_WARN_INFINITE_RECURSION = YES;
				CLANG_WARN_INT_CONVERSION = YES;
				CLANG_WARN_NON_LITERAL_NULL_CONVERSION = YES;
				CLANG_WARN_OBJC_IMPLICIT_RETAIN_SELF = YES;
				CLANG_WARN_OBJC_LITERAL_CONVERSION = YES;
				CLANG_WARN_OBJC_ROOT_CLASS = YES_ERROR;
				CLANG_WARN_QUOTED_INCLUDE_IN_FRAMEWORK_HEADER = YES;
				CLANG_WARN_RANGE_LOOP_ANALYSIS = YES;
				CLANG_WARN_STRICT_PROTOTYPES = YES;
				CLANG_WARN_SUSPICIOUS_MOVE = YES;
				CLANG_WARN_UNGUARDED_AVAILABILITY = YES_AGGRESSIVE;
				CLANG_WARN_UNREACHABLE_CODE = YES;
				CLANG_WARN__DUPLICATE_METHOD_MATCH = YES;
				COPY_PHASE_STRIP = NO;
				DEAD_CODE_STRIPPING = YES;
				DEBUG_INFORMATION_FORMAT = dwarf;
				ENABLE_STRICT_OBJC_MSGSEND = YES;
				ENABLE_TESTABILITY = YES;
				ENABLE_USER_SCRIPT_SANDBOXING = YES;
				GCC_C_LANGUAGE_STANDARD = gnu17;
				GCC_DYNAMIC_NO_PIC = NO;
				GCC_NO_COMMON_BLOCKS = YES;
				GCC_OPTIMIZATION_LEVEL = 0;
				GCC_PREPROCESSOR_DEFINITIONS = (
					"DEBUG=1",
					"$(inherited)",
				);
				GCC_WARN_64_TO_32_BIT_CONVERSION = YES;
				GCC_WARN_ABOUT_RETURN_TYPE = YES_ERROR;
				GCC_WARN_UNDECLARED_SELECTOR = YES;
				GCC_WARN_UNINITIALIZED_AUTOS = YES_AGGRESSIVE;
				GCC_WARN_UNUSED_FUNCTION = YES;
				GCC_WARN_UNUSED_VARIABLE = YES;
				INFOPLIST_KEY_LSUIElement = YES;
				LOCALIZATION_PREFERS_STRING_CATALOGS = YES;
				MACOSX_DEPLOYMENT_TARGET = 14.0;
				MTL_ENABLE_DEBUG_INFO = INCLUDE_SOURCE;
				MTL_FAST_MATH = YES;
				ONLY_ACTIVE_ARCH = YES;
				SDKROOT = macosx;
				SWIFT_ACTIVE_COMPILATION_CONDITIONS = "DEBUG $(inherited)";
				SWIFT_OPTIMIZATION_LEVEL = "-Onone";
			};
			name = Debug;
		};
		106CF5EF2B86D08D00AACCBA /* Release */ = {
			isa = XCBuildConfiguration;
			buildSettings = {
				ALWAYS_SEARCH_USER_PATHS = NO;
				ASSETCATALOG_COMPILER_GENERATE_SWIFT_ASSET_SYMBOL_EXTENSIONS = YES;
				CLANG_ANALYZER_NONNULL = YES;
				CLANG_ANALYZER_NUMBER_OBJECT_CONVERSION = YES_AGGRESSIVE;
				CLANG_CXX_LANGUAGE_STANDARD = "gnu++20";
				CLANG_ENABLE_MODULES = YES;
				CLANG_ENABLE_OBJC_ARC = YES;
				CLANG_ENABLE_OBJC_WEAK = YES;
				CLANG_WARN_BLOCK_CAPTURE_AUTORELEASING = YES;
				CLANG_WARN_BOOL_CONVERSION = YES;
				CLANG_WARN_COMMA = YES;
				CLANG_WARN_CONSTANT_CONVERSION = YES;
				CLANG_WARN_DEPRECATED_OBJC_IMPLEMENTATIONS = YES;
				CLANG_WARN_DIRECT_OBJC_ISA_USAGE = YES_ERROR;
				CLANG_WARN_DOCUMENTATION_COMMENTS = YES;
				CLANG_WARN_EMPTY_BODY = YES;
				CLANG_WARN_ENUM_CONVERSION = YES;
				CLANG_WARN_INFINITE_RECURSION = YES;
				CLANG_WARN_INT_CONVERSION = YES;
				CLANG_WARN_NON_LITERAL_NULL_CONVERSION = YES;
				CLANG_WARN_OBJC_IMPLICIT_RETAIN_SELF = YES;
				CLANG_WARN_OBJC_LITERAL_CONVERSION = YES;
				CLANG_WARN_OBJC_ROOT_CLASS = YES_ERROR;
				CLANG_WARN_QUOTED_INCLUDE_IN_FRAMEWORK_HEADER = YES;
				CLANG_WARN_RANGE_LOOP_ANALYSIS = YES;
				CLANG_WARN_STRICT_PROTOTYPES = YES;
				CLANG_WARN_SUSPICIOUS_MOVE = YES;
				CLANG_WARN_UNGUARDED_AVAILABILITY = YES_AGGRESSIVE;
				CLANG_WARN_UNREACHABLE_CODE = YES;
				CLANG_WARN__DUPLICATE_METHOD_MATCH = YES;
				COPY_PHASE_STRIP = NO;
				DEAD_CODE_STRIPPING = YES;
				DEBUG_INFORMATION_FORMAT = "dwarf-with-dsym";
				ENABLE_NS_ASSERTIONS = NO;
				ENABLE_STRICT_OBJC_MSGSEND = YES;
				ENABLE_USER_SCRIPT_SANDBOXING = YES;
				GCC_C_LANGUAGE_STANDARD = gnu17;
				GCC_NO_COMMON_BLOCKS = YES;
				GCC_WARN_64_TO_32_BIT_CONVERSION = YES;
				GCC_WARN_ABOUT_RETURN_TYPE = YES_ERROR;
				GCC_WARN_UNDECLARED_SELECTOR = YES;
				GCC_WARN_UNINITIALIZED_AUTOS = YES_AGGRESSIVE;
				GCC_WARN_UNUSED_FUNCTION = YES;
				GCC_WARN_UNUSED_VARIABLE = YES;
				INFOPLIST_KEY_LSUIElement = YES;
				LOCALIZATION_PREFERS_STRING_CATALOGS = YES;
				MACOSX_DEPLOYMENT_TARGET = 14.0;
				MTL_ENABLE_DEBUG_INFO = NO;
				MTL_FAST_MATH = YES;
				SDKROOT = macosx;
				SWIFT_COMPILATION_MODE = wholemodule;
			};
			name = Release;
		};
		106CF5F12B86D08D00AACCBA /* Debug */ = {
			isa = XCBuildConfiguration;
			buildSettings = {
				ASSETCATALOG_COMPILER_APPICON_NAME = AppIcon;
				ASSETCATALOG_COMPILER_GLOBAL_ACCENT_COLOR_NAME = AccentColor;
				CODE_SIGN_ENTITLEMENTS = QrSnapr/QrSnapr.entitlements;
				CODE_SIGN_STYLE = Automatic;
				COMBINE_HIDPI_IMAGES = YES;
				CURRENT_PROJECT_VERSION = 1;
				DEAD_CODE_STRIPPING = YES;
				DEVELOPMENT_ASSET_PATHS = "\"QrSnapr/Preview Content\"";
				DEVELOPMENT_TEAM = DMH2G7GCK5;
				ENABLE_HARDENED_RUNTIME = YES;
				ENABLE_PREVIEWS = YES;
				GENERATE_INFOPLIST_FILE = YES;
				INFOPLIST_KEY_NSHumanReadableCopyright = "";
				LD_RUNPATH_SEARCH_PATHS = (
					"$(inherited)",
					"@executable_path/../Frameworks",
				);
				MARKETING_VERSION = 1.0;
				PRODUCT_BUNDLE_IDENTIFIER = daggytech.QrSnapr;
				PRODUCT_NAME = "$(TARGET_NAME)";
				SWIFT_EMIT_LOC_STRINGS = YES;
				SWIFT_VERSION = 5.0;
			};
			name = Debug;
		};
		106CF5F22B86D08D00AACCBA /* Release */ = {
			isa = XCBuildConfiguration;
			buildSettings = {
				ASSETCATALOG_COMPILER_APPICON_NAME = AppIcon;
				ASSETCATALOG_COMPILER_GLOBAL_ACCENT_COLOR_NAME = AccentColor;
				CODE_SIGN_ENTITLEMENTS = QrSnapr/QrSnapr.entitlements;
				CODE_SIGN_STYLE = Automatic;
				COMBINE_HIDPI_IMAGES = YES;
				CURRENT_PROJECT_VERSION = 1;
				DEAD_CODE_STRIPPING = YES;
				DEVELOPMENT_ASSET_PATHS = "\"QrSnapr/Preview Content\"";
				DEVELOPMENT_TEAM = DMH2G7GCK5;
				ENABLE_HARDENED_RUNTIME = YES;
				ENABLE_PREVIEWS = YES;
				GENERATE_INFOPLIST_FILE = YES;
				INFOPLIST_KEY_NSHumanReadableCopyright = "";
				LD_RUNPATH_SEARCH_PATHS = (
					"$(inherited)",
					"@executable_path/../Frameworks",
				);
				MARKETING_VERSION = 1.0;
				PRODUCT_BUNDLE_IDENTIFIER = daggytech.QrSnapr;
				PRODUCT_NAME = "$(TARGET_NAME)";
				SWIFT_EMIT_LOC_STRINGS = YES;
				SWIFT_VERSION = 5.0;
			};
			name = Release;
		};
		106CF5F42B86D08D00AACCBA /* Debug */ = {
			isa = XCBuildConfiguration;
			buildSettings = {
				ALWAYS_EMBED_SWIFT_STANDARD_LIBRARIES = YES;
				BUNDLE_LOADER = "$(TEST_HOST)";
				CODE_SIGN_STYLE = Automatic;
				CURRENT_PROJECT_VERSION = 1;
				DEAD_CODE_STRIPPING = YES;
				DEVELOPMENT_TEAM = DMH2G7GCK5;
				GENERATE_INFOPLIST_FILE = YES;
				MACOSX_DEPLOYMENT_TARGET = 14.0;
				MARKETING_VERSION = 1.0;
				PRODUCT_BUNDLE_IDENTIFIER = daggytech.QrSnaprTests;
				PRODUCT_NAME = "$(TARGET_NAME)";
				SWIFT_EMIT_LOC_STRINGS = NO;
				SWIFT_VERSION = 5.0;
				TEST_HOST = "$(BUILT_PRODUCTS_DIR)/QrSnapr.app/$(BUNDLE_EXECUTABLE_FOLDER_PATH)/QrSnapr";
			};
			name = Debug;
		};
		106CF5F52B86D08D00AACCBA /* Release */ = {
			isa = XCBuildConfiguration;
			buildSettings = {
				ALWAYS_EMBED_SWIFT_STANDARD_LIBRARIES = YES;
				BUNDLE_LOADER = "$(TEST_HOST)";
				CODE_SIGN_STYLE = Automatic;
				CURRENT_PROJECT_VERSION = 1;
				DEAD_CODE_STRIPPING = YES;
				DEVELOPMENT_TEAM = DMH2G7GCK5;
				GENERATE_INFOPLIST_FILE = YES;
				MACOSX_DEPLOYMENT_TARGET = 14.0;
				MARKETING_VERSION = 1.0;
				PRODUCT_BUNDLE_IDENTIFIER = daggytech.QrSnaprTests;
				PRODUCT_NAME = "$(TARGET_NAME)";
				SWIFT_EMIT_LOC_STRINGS = NO;
				SWIFT_VERSION = 5.0;
				TEST_HOST = "$(BUILT_PRODUCTS_DIR)/QrSnapr.app/$(BUNDLE_EXECUTABLE_FOLDER_PATH)/QrSnapr";
			};
			name = Release;
		};
		106CF5F72B86D08D00AACCBA /* Debug */ = {
			isa = XCBuildConfiguration;
			buildSettings = {
				ALWAYS_EMBED_SWIFT_STANDARD_LIBRARIES = YES;
				CODE_SIGN_STYLE = Automatic;
				CURRENT_PROJECT_VERSION = 1;
				DEAD_CODE_STRIPPING = YES;
				DEVELOPMENT_TEAM = DMH2G7GCK5;
				GENERATE_INFOPLIST_FILE = YES;
				MARKETING_VERSION = 1.0;
				PRODUCT_BUNDLE_IDENTIFIER = daggytech.QrSnaprUITests;
				PRODUCT_NAME = "$(TARGET_NAME)";
				SWIFT_EMIT_LOC_STRINGS = NO;
				SWIFT_VERSION = 5.0;
				TEST_TARGET_NAME = QrSnapr;
			};
			name = Debug;
		};
		106CF5F82B86D08D00AACCBA /* Release */ = {
			isa = XCBuildConfiguration;
			buildSettings = {
				ALWAYS_EMBED_SWIFT_STANDARD_LIBRARIES = YES;
				CODE_SIGN_STYLE = Automatic;
				CURRENT_PROJECT_VERSION = 1;
				DEAD_CODE_STRIPPING = YES;
				DEVELOPMENT_TEAM = DMH2G7GCK5;
				GENERATE_INFOPLIST_FILE = YES;
				MARKETING_VERSION = 1.0;
				PRODUCT_BUNDLE_IDENTIFIER = daggytech.QrSnaprUITests;
				PRODUCT_NAME = "$(TARGET_NAME)";
				SWIFT_EMIT_LOC_STRINGS = NO;
				SWIFT_VERSION = 5.0;
				TEST_TARGET_NAME = QrSnapr;
			};
			name = Release;
		};
/* End XCBuildConfiguration section */

/* Begin XCConfigurationList section */
		106CF5C62B86D08B00AACCBA /* Build configuration list for PBXProject "QrSnapr" */ = {
			isa = XCConfigurationList;
			buildConfigurations = (
				106CF5EE2B86D08D00AACCBA /* Debug */,
				106CF5EF2B86D08D00AACCBA /* Release */,
			);
			defaultConfigurationIsVisible = 0;
			defaultConfigurationName = Release;
		};
		106CF5F02B86D08D00AACCBA /* Build configuration list for PBXNativeTarget "QrSnapr" */ = {
			isa = XCConfigurationList;
			buildConfigurations = (
				106CF5F12B86D08D00AACCBA /* Debug */,
				106CF5F22B86D08D00AACCBA /* Release */,
			);
			defaultConfigurationIsVisible = 0;
			defaultConfigurationName = Release;
		};
		106CF5F32B86D08D00AACCBA /* Build configuration list for PBXNativeTarget "QrSnaprTests" */ = {
			isa = XCConfigurationList;
			buildConfigurations = (
				106CF5F42B86D08D00AACCBA /* Debug */,
				106CF5F52B86D08D00AACCBA /* Release */,
			);
			defaultConfigurationIsVisible = 0;
			defaultConfigurationName = Release;
		};
		106CF5F62B86D08D00AACCBA /* Build configuration list for PBXNativeTarget "QrSnaprUITests" */ = {
			isa = XCConfigurationList;
			buildConfigurations = (
				106CF5F72B86D08D00AACCBA /* Debug */,
				106CF5F82B86D08D00AACCBA /* Release */,
			);
			defaultConfigurationIsVisible = 0;
			defaultConfigurationName = Release;
		};
/* End XCConfigurationList section */

/* Begin XCRemoteSwiftPackageReference section */
		10BC27382BBFA20D003E9EA6 /* XCRemoteSwiftPackageReference "KeyboardShortcuts" */ = {
			isa = XCRemoteSwiftPackageReference;
			repositoryURL = "https://github.com/sindresorhus/KeyboardShortcuts";
			requirement = {
				kind = upToNextMajorVersion;
				minimumVersion = 2.0.0;
			};
		};
/* End XCRemoteSwiftPackageReference section */

/* Begin XCSwiftPackageProductDependency section */
		10BC273D2BBFA25A003E9EA6 /* KeyboardShortcuts */ = {
			isa = XCSwiftPackageProductDependency;
			package = 10BC27382BBFA20D003E9EA6 /* XCRemoteSwiftPackageReference "KeyboardShortcuts" */;
			productName = KeyboardShortcuts;
		};
/* End XCSwiftPackageProductDependency section */
	};
	rootObject = 106CF5C32B86D08B00AACCBA /* Project object */;
}
